
Microsoft Visual Studio Solution File, Format Version 12.00
# Visual Studio 2012
Project("{FAE04EC0-301F-11D3-BF4B-00C04F79EFBC}") = "ElementSelection2", "ElementSelection2\ElementSelection2.csproj", "{4CCD88D5-562D-4F38-B596-DA529834A3F6}"
EndProject
Global
	GlobalSection(SolutionConfigurationPlatforms) = preSolution
		Debug|iPhoneSimulator = Debug|iPhoneSimulator
		Release|iPhone = Release|iPhone
		Release|iPhoneSimulator = Release|iPhoneSimulator
		Debug|iPhone = Debug|iPhone
	EndGlobalSection
	GlobalSection(ProjectConfigurationPlatforms) = postSolution
		{4CCD88D5-562D-4F38-B596-DA529834A3F6}.Debug|iPhone.ActiveCfg = Debug|iPhone
		{4CCD88D5-562D-4F38-B596-DA529834A3F6}.Debug|iPhone.Build.0 = Debug|iPhone
		{4CCD88D5-562D-4F38-B596-DA529834A3F6}.Debug|iPhoneSimulator.ActiveCfg = Debug|iPhoneSimulator
		{4CCD88D5-562D-4F38-B596-DA529834A3F6}.Debug|iPhoneSimulator.Build.0 = Debug|iPhoneSimulator
		{4CCD88D5-562D-4F38-B596-DA529834A3F6}.Release|iPhone.ActiveCfg = Release|iPhone
		{4CCD88D5-562D-4F38-B596-DA529834A3F6}.Release|iPhone.Build.0 = Release|iPhone
		{4CCD88D5-562D-4F38-B596-DA529834A3F6}.Release|iPhoneSimulator.ActiveCfg = Release|iPhoneSimulator
		{4CCD88D5-562D-4F38-B596-DA529834A3F6}.Release|iPhoneSimulator.Build.0 = Release|iPhoneSimulator
	EndGlobalSection
EndGlobal
